
Microsoft Visual Studio Solution File, Format Version 12.00
# Visual Studio Version 16
VisualStudioVersion = 16.0.34931.43
MinimumVisualStudioVersion = 10.0.40219.1
Project("{8BC9CEB8-8B4A-11D0-8D11-00A0C91BC942}") = "PE_Tools", "PE_Tools\PE_Tools.vcxproj", "{71B6123D-DC7A-446A-BE00-B66AC36E29D0}"
EndProject
Global
	GlobalSection(SolutionConfigurationPlatforms) = preSolution
		Debug|x64 = Debug|x64
		Debug|x86 = Debug|x86
		Release|x64 = Release|x64
		Release|x86 = Release|x86
	EndGlobalSection
	GlobalSection(ProjectConfigurationPlatforms) = postSolution
		{71B6123D-DC7A-446A-BE00-B66AC36E29D0}.Debug|x64.ActiveCfg = Debug|x64
		{71B6123D-DC7A-446A-BE00-B66AC36E29D0}.Debug|x64.Build.0 = Debug|x64
		{71B6123D-DC7A-446A-BE00-B66AC36E29D0}.Debug|x86.ActiveCfg = Debug|Win32
		{71B6123D-DC7A-446A-BE00-B66AC36E29D0}.Debug|x86.Build.0 = Debug|Win32
		{71B6123D-DC7A-446A-BE00-B66AC36E29D0}.Release|x64.ActiveCfg = Release|x64
		{71B6123D-DC7A-446A-BE00-B66AC36E29D0}.Release|x64.Build.0 = Release|x64
		{71B6123D-DC7A-446A-BE00-B66AC36E29D0}.Release|x86.ActiveCfg = Release|Win32
		{71B6123D-DC7A-446A-BE00-B66AC36E29D0}.Release|x86.Build.0 = Release|Win32
	EndGlobalSection
	GlobalSection(SolutionProperties) = preSolution
		HideSolutionNode = FALSE
	EndGlobalSection
	GlobalSection(ExtensibilityGlobals) = postSolution
		SolutionGuid = {0BA08DC0-D251-4E5B-84A9-E45076DCBC5E}
	EndGlobalSection
EndGlobal
